<Solution>
  <Configurations>
    <Platform Name="x64" />
    <Platform Name="x86" />
  </Configurations>
  <Folder Name="/M01_Cpp_Fundamentals/">
    <Project Path="Lesson_01_Cout/Lesson_01_Cout.vcxproj" Id="79393439-148a-4d7e-a03a-7f9fa79c481b" />
    <Project Path="Lesson_02_Variables/Lesson_02_Variables.vcxproj" Id="3597f2a4-e70c-4aab-9f0d-89fd591c2700" />
    <Project Path="Lesson_03_Input/Lesson_03_Input.vcxproj" Id="5ab22a64-8c91-44e0-ad46-6aca72a3ea35" />
    <Project Path="Lesson_04_Conditions/Lesson_04_Conditions.vcxproj" Id="b23bd2df-ab76-4b88-90fc-ce7c9a1c49e6" />
    <Project Path="Lesson_05_SwitchLogic/Lesson_05_SwitchLogic.vcxproj" Id="af830973-bd57-429f-902f-5fc72866720c" />
    <Project Path="Lesson_06_Loops/Lesson_06_Loops.vcxproj" Id="b3542971-48e3-4063-a179-49da41ab614a" />
    <Project Path="Lesson_07_Functions/Lesson_07_Functions.vcxproj" Id="c3ba9d48-d7d7-4137-aa0f-1f424737bf70" />
    <Project Path="Lesson_08_Arrays/Lesson_08_Arrays.vcxproj" Id="241a2aaf-d623-4c6b-9896-a8d04eb4b32d" />
    <Project Path="Lesson_09_MemorySizes/Lesson_09_MemorySizes.vcxproj" Id="10cfaaa5-69c5-4a69-9095-fe72e6def429" />
    <Project Path="Lesson_10_Pointers/Lesson_10_Pointers.vcxproj" Id="5c131196-39a0-4c41-b3de-2553b554fa25" />
    <Project Path="Lesson_11_HeapStack/Lesson_11_HeapStack.vcxproj" Id="f3b69deb-7580-4edd-863d-9271a43ce273" />
    <Project Path="Lesson_12_SmartPtrs/Lesson_12_SmartPtrs.vcxproj" Id="099b996c-e216-45ea-a0c6-80cc61705e2a" />
    <Project Path="Lesson_13_ConstMove/Lesson_13_ConstMove.vcxproj" Id="6776f42d-96e5-4366-8826-a09be0c35da4" />
    <Project Path="Project_TextRPG/Project_TextRPG.vcxproj" Id="54653e64-97e5-4bb7-b202-42c9725117f5" />
  </Folder>
  <Folder Name="/M02_OOP/">
    <Project Path="Lesson_2_01_Structs/Lesson_2_01_Structs.vcxproj" Id="b8721930-6218-480c-922c-b569a75eeab6" />
    <Project Path="Lesson_2_02_Classes/Lesson_2_02_Classes.vcxproj" Id="4a0da2ee-6011-4fbf-8d3c-d9cd3bda00fd" />
    <Project Path="Lesson_2_03_HeaderCpp/Lesson_2_03_HeaderCpp.vcxproj" Id="272a7048-9c37-4bca-8ce1-17685e017ffb" />
    <Project Path="Lesson_2_04_Constructor/Lesson_2_04_Constructor.vcxproj" Id="c2bc0bfe-0a2b-4bff-9dab-a91946050461" />
    <Project Path="Lesson_2_05_Envanter(RO3)/Lesson_2_05_Envanter(RO3).vcxproj" Id="9bfcb591-762d-4ff0-8344-2936d98fa831" />
    <Project Path="Lesson_2_05_RuleOf3/Lesson_2_05_RuleOf3.vcxproj" Id="b66be729-1904-40f0-84c9-5254d0b4e0f0" />
    <Project Path="Lesson_2_06_RuleOf5_0/Lesson_2_06_RuleOf5_0.vcxproj" Id="2c8f96a4-5ec1-4179-8d20-d3a5dfac1011" />
    <Project Path="Lesson_2_07_StaticFriendNamespace/Lesson_2_07_StaticFriendNamespace.vcxproj" Id="5728c0c1-f9a8-4efa-902b-fa9b9d8afbea" />
  </Folder>
</Solution>
